
Microsoft Visual Studio Solution File, Format Version 11.00
# Visual Studio 2010
Project("{FAE04EC0-301F-11D3-BF4B-00C04F79EFBC}") = "RegexEditor", "RegexEditor\RegexEditor.csproj", "{991856D4-7B07-4589-BC06-7855F76907F2}"
EndProject
Project("{FAE04EC0-301F-11D3-BF4B-00C04F79EFBC}") = "RegexEditor.Tests", "RegexEditor.Tests\RegexEditor.Tests.csproj", "{99CAFD70-B901-4D18-BE88-8607EBCDD80E}"
EndProject
Global
	GlobalSection(TeamFoundationVersionControl) = preSolution
		SccNumberOfProjects = 3
		SccEnterpriseProvider = {4CA58AB2-18FA-4F8D-95D4-32DDF27D184C}
		SccTeamFoundationServer = http://10.240.0.21:8080/
		SccLocalPath0 = .
		SccProjectUniqueName1 = RegexEditor\\RegexEditor.csproj
		SccProjectName1 = RegexEditor
		SccLocalPath1 = RegexEditor
		SccProjectUniqueName2 = RegexEditor.Tests\\RegexEditor.Tests.csproj
		SccProjectName2 = RegexEditor.Tests
		SccLocalPath2 = RegexEditor.Tests
	EndGlobalSection
	GlobalSection(SolutionConfigurationPlatforms) = preSolution
		Debug|Any CPU = Debug|Any CPU
		Release|Any CPU = Release|Any CPU
	EndGlobalSection
	GlobalSection(ProjectConfigurationPlatforms) = postSolution
		{991856D4-7B07-4589-BC06-7855F76907F2}.Debug|Any CPU.ActiveCfg = Debug|Any CPU
		{991856D4-7B07-4589-BC06-7855F76907F2}.Debug|Any CPU.Build.0 = Debug|Any CPU
		{991856D4-7B07-4589-BC06-7855F76907F2}.Release|Any CPU.ActiveCfg = Release|Any CPU
		{991856D4-7B07-4589-BC06-7855F76907F2}.Release|Any CPU.Build.0 = Release|Any CPU
		{99CAFD70-B901-4D18-BE88-8607EBCDD80E}.Debug|Any CPU.ActiveCfg = Debug|Any CPU
		{99CAFD70-B901-4D18-BE88-8607EBCDD80E}.Debug|Any CPU.Build.0 = Debug|Any CPU
		{99CAFD70-B901-4D18-BE88-8607EBCDD80E}.Release|Any CPU.ActiveCfg = Release|Any CPU
		{99CAFD70-B901-4D18-BE88-8607EBCDD80E}.Release|Any CPU.Build.0 = Release|Any CPU
	EndGlobalSection
	GlobalSection(SolutionProperties) = preSolution
		HideSolutionNode = FALSE
	EndGlobalSection
EndGlobal
